
Microsoft Visual Studio Solution File, Format Version 12.00
# Visual Studio Version 16
VisualStudioVersion = 16.0.29411.108
MinimumVisualStudioVersion = 10.0.40219.1
Project("{FAE04EC0-301F-11D3-BF4B-00C04F79EFBC}") = "ProyectoIntegrador_AdopcionMascotas", "ProyectoIntegrador_AdopcionMascotas\ProyectoIntegrador_AdopcionMascotas.csproj", "{EC7EFCE5-0F9C-4205-9FC4-D26AB13F753A}"
EndProject
Project("{2150E333-8FDC-42A3-9474-1A3956D46DE8}") = "Dominio", "Dominio", "{377229D6-D02E-46B0-92F3-92854E55AB21}"
EndProject
Project("{2150E333-8FDC-42A3-9474-1A3956D46DE8}") = "Infraestructura", "Infraestructura", "{CFA7BA01-AE79-458D-8788-C654581166A1}"
EndProject
Project("{2150E333-8FDC-42A3-9474-1A3956D46DE8}") = "Presentación", "Presentación", "{B6D13CA3-3B1A-469C-A3A9-279DDF939B8D}"
EndProject
Project("{2150E333-8FDC-42A3-9474-1A3956D46DE8}") = "Entidades", "Entidades", "{28122ADF-73DA-4F3E-8FFB-187B7FD99F9C}"
EndProject
Project("{2150E333-8FDC-42A3-9474-1A3956D46DE8}") = "Repositorio", "Repositorio", "{81A392D1-860E-4651-98E0-CA756E1A5548}"
EndProject
Project("{2150E333-8FDC-42A3-9474-1A3956D46DE8}") = "Data", "Data", "{CE4B3BA5-F3B8-4772-AA96-51B58DABF764}"
EndProject
Project("{2150E333-8FDC-42A3-9474-1A3956D46DE8}") = "SqlServer", "SqlServer", "{E55EFAF5-2F2C-4CF6-A915-3718A6A0688F}"
EndProject
Project("{2150E333-8FDC-42A3-9474-1A3956D46DE8}") = "Web", "Web", "{E7066594-1688-47D6-BE20-765252E8BF86}"
EndProject
Project("{2150E333-8FDC-42A3-9474-1A3956D46DE8}") = "ASP.NET.MVC", "ASP.NET.MVC", "{EDEADB4F-DD38-465C-9DD5-84A04DCD7D26}"
EndProject
Project("{FAE04EC0-301F-11D3-BF4B-00C04F79EFBC}") = "Dominio.Entidades", "Dominio.Entidades\Dominio.Entidades.csproj", "{F5448D5A-0FAF-4304-9026-E0CCCB447189}"
EndProject
Project("{FAE04EC0-301F-11D3-BF4B-00C04F79EFBC}") = "Dominio.Repositorio", "Dominio.Repositorio\Dominio.Repositorio.csproj", "{AED8ACCE-EC7B-464B-A096-C7E75D3C5B73}"
EndProject
Project("{FAE04EC0-301F-11D3-BF4B-00C04F79EFBC}") = "Infraestructura.Data.SqlServer", "Infraestructura.Data.SqlServer\Infraestructura.Data.SqlServer.csproj", "{BA338BCA-F21D-4E34-AA91-A9F92136CA0D}"
EndProject
Global
	GlobalSection(SolutionConfigurationPlatforms) = preSolution
		Debug|Any CPU = Debug|Any CPU
		Release|Any CPU = Release|Any CPU
	EndGlobalSection
	GlobalSection(ProjectConfigurationPlatforms) = postSolution
		{EC7EFCE5-0F9C-4205-9FC4-D26AB13F753A}.Debug|Any CPU.ActiveCfg = Debug|Any CPU
		{EC7EFCE5-0F9C-4205-9FC4-D26AB13F753A}.Debug|Any CPU.Build.0 = Debug|Any CPU
		{EC7EFCE5-0F9C-4205-9FC4-D26AB13F753A}.Release|Any CPU.ActiveCfg = Release|Any CPU
		{EC7EFCE5-0F9C-4205-9FC4-D26AB13F753A}.Release|Any CPU.Build.0 = Release|Any CPU
		{F5448D5A-0FAF-4304-9026-E0CCCB447189}.Debug|Any CPU.ActiveCfg = Debug|Any CPU
		{F5448D5A-0FAF-4304-9026-E0CCCB447189}.Debug|Any CPU.Build.0 = Debug|Any CPU
		{F5448D5A-0FAF-4304-9026-E0CCCB447189}.Release|Any CPU.ActiveCfg = Release|Any CPU
		{F5448D5A-0FAF-4304-9026-E0CCCB447189}.Release|Any CPU.Build.0 = Release|Any CPU
		{AED8ACCE-EC7B-464B-A096-C7E75D3C5B73}.Debug|Any CPU.ActiveCfg = Debug|Any CPU
		{AED8ACCE-EC7B-464B-A096-C7E75D3C5B73}.Debug|Any CPU.Build.0 = Debug|Any CPU
		{AED8ACCE-EC7B-464B-A096-C7E75D3C5B73}.Release|Any CPU.ActiveCfg = Release|Any CPU
		{AED8ACCE-EC7B-464B-A096-C7E75D3C5B73}.Release|Any CPU.Build.0 = Release|Any CPU
		{BA338BCA-F21D-4E34-AA91-A9F92136CA0D}.Debug|Any CPU.ActiveCfg = Debug|Any CPU
		{BA338BCA-F21D-4E34-AA91-A9F92136CA0D}.Debug|Any CPU.Build.0 = Debug|Any CPU
		{BA338BCA-F21D-4E34-AA91-A9F92136CA0D}.Release|Any CPU.ActiveCfg = Release|Any CPU
		{BA338BCA-F21D-4E34-AA91-A9F92136CA0D}.Release|Any CPU.Build.0 = Release|Any CPU
	EndGlobalSection
	GlobalSection(SolutionProperties) = preSolution
		HideSolutionNode = FALSE
	EndGlobalSection
	GlobalSection(NestedProjects) = preSolution
		{EC7EFCE5-0F9C-4205-9FC4-D26AB13F753A} = {EDEADB4F-DD38-465C-9DD5-84A04DCD7D26}
		{28122ADF-73DA-4F3E-8FFB-187B7FD99F9C} = {377229D6-D02E-46B0-92F3-92854E55AB21}
		{81A392D1-860E-4651-98E0-CA756E1A5548} = {377229D6-D02E-46B0-92F3-92854E55AB21}
		{CE4B3BA5-F3B8-4772-AA96-51B58DABF764} = {CFA7BA01-AE79-458D-8788-C654581166A1}
		{E55EFAF5-2F2C-4CF6-A915-3718A6A0688F} = {CE4B3BA5-F3B8-4772-AA96-51B58DABF764}
		{E7066594-1688-47D6-BE20-765252E8BF86} = {B6D13CA3-3B1A-469C-A3A9-279DDF939B8D}
		{EDEADB4F-DD38-465C-9DD5-84A04DCD7D26} = {E7066594-1688-47D6-BE20-765252E8BF86}
		{F5448D5A-0FAF-4304-9026-E0CCCB447189} = {28122ADF-73DA-4F3E-8FFB-187B7FD99F9C}
		{AED8ACCE-EC7B-464B-A096-C7E75D3C5B73} = {81A392D1-860E-4651-98E0-CA756E1A5548}
		{BA338BCA-F21D-4E34-AA91-A9F92136CA0D} = {E55EFAF5-2F2C-4CF6-A915-3718A6A0688F}
	EndGlobalSection
	GlobalSection(ExtensibilityGlobals) = postSolution
		SolutionGuid = {8EC27FFA-020E-4DC8-9BAB-B0E3D127E263}
	EndGlobalSection
EndGlobal
